// !$*UTF8*$!
{
	archiveVersion = 1;
	classes = {
	};
	objectVersion = 46;
	objects = {

/* Begin PBXBuildFile section */
		08028B8C1ED0437D0060A7F1 /* UserViewController.m in Sources */ = {isa = PBXBuildFile; fileRef = 08028B8B1ED0437D0060A7F1 /* UserViewController.m */; };
		082DBD0A1ED19F1000CD7814 /* EditInfoController.m in Sources */ = {isa = PBXBuildFile; fileRef = 082DBD091ED19F1000CD7814 /* EditInfoController.m */; };
		082DBD0D1ED1DCE300CD7814 /* HistoryPlacesController.m in Sources */ = {isa = PBXBuildFile; fileRef = 082DBD0C1ED1DCE300CD7814 /* HistoryPlacesController.m */; };
		082DBD121ED1E53800CD7814 /* PlaceCell.m in Sources */ = {isa = PBXBuildFile; fileRef = 082DBD111ED1E53800CD7814 /* PlaceCell.m */; };
		082DBD151ED1F2F800CD7814 /* OrdersController.m in Sources */ = {isa = PBXBuildFile; fileRef = 082DBD141ED1F2F800CD7814 /* OrdersController.m */; };
		082DBD181ED1F4AE00CD7814 /* OrderCell.m in Sources */ = {isa = PBXBuildFile; fileRef = 082DBD171ED1F4AE00CD7814 /* OrderCell.m */; };
		082DBD1A1ED1F6A000CD7814 /* iconfont.ttf in Resources */ = {isa = PBXBuildFile; fileRef = 082DBD191ED1F69500CD7814 /* iconfont.ttf */; };
		082DBD1D1ED1FE0A00CD7814 /* PointsController.m in Sources */ = {isa = PBXBuildFile; fileRef = 082DBD1C1ED1FE0A00CD7814 /* PointsController.m */; };
		08339E151E7560BA005DABBA /* DrivingCollectionViewCell.m in Sources */ = {isa = PBXBuildFile; fileRef = 08339E141E7560BA005DABBA /* DrivingCollectionViewCell.m */; };
		08A0C43A1EB5A1000082C079 /* DEPOIViewController.m in Sources */ = {isa = PBXBuildFile; fileRef = 08A0C4391EB5A1000082C079 /* DEPOIViewController.m */; };
		08A0C43D1EB5A9200082C079 /* DEPOICell.m in Sources */ = {isa = PBXBuildFile; fileRef = 08A0C43C1EB5A9200082C079 /* DEPOICell.m */; };
		08A0C4441EB61D060082C079 /* WeatherController.m in Sources */ = {isa = PBXBuildFile; fileRef = 08A0C4431EB61D060082C079 /* WeatherController.m */; };
		08A0C4471EB65AB60082C079 /* NaviController.m in Sources */ = {isa = PBXBuildFile; fileRef = 08A0C4461EB65AB60082C079 /* NaviController.m */; };
		08A13D3D1EA3AE650054C8C4 /* InfoCell.m in Sources */ = {isa = PBXBuildFile; fileRef = 08A13D3C1EA3AE650054C8C4 /* InfoCell.m */; };
		08A13D401EA3B0490054C8C4 /* InfoDetailController.m in Sources */ = {isa = PBXBuildFile; fileRef = 08A13D3F1EA3B0490054C8C4 /* InfoDetailController.m */; };
		08A13D431EA3B1D10054C8C4 /* InfoHeadCell.m in Sources */ = {isa = PBXBuildFile; fileRef = 08A13D421EA3B1D10054C8C4 /* InfoHeadCell.m */; };
		08A45B6F1ECDC1A400DC8E8E /* DateController.m in Sources */ = {isa = PBXBuildFile; fileRef = 08A45B6E1ECDC1A400DC8E8E /* DateController.m */; };
		08A9F9341EB3AC3A0039E381 /* AffairListCell.m in Sources */ = {isa = PBXBuildFile; fileRef = 08A9F9331EB3AC3A0039E381 /* AffairListCell.m */; };
		08FC692B1E7418CA00D79F18 /* DERegisterViewController.m in Sources */ = {isa = PBXBuildFile; fileRef = 08FC692A1E7418CA00D79F18 /* DERegisterViewController.m */; };
		08FC692E1E7418D800D79F18 /* DELoginViewController.m in Sources */ = {isa = PBXBuildFile; fileRef = 08FC692D1E7418D800D79F18 /* DELoginViewController.m */; };
		2C9DEB39854B608DAD5129E5 /* libPods-DriverEpoch.a in Frameworks */ = {isa = PBXBuildFile; fileRef = 2DC111A2859BC4CCDE198049 /* libPods-DriverEpoch.a */; };
		4E10ABBC1E71339F00BCF21B /* main.m in Sources */ = {isa = PBXBuildFile; fileRef = 4E10ABBB1E71339F00BCF21B /* main.m */; };
		4E10ABBF1E71339F00BCF21B /* AppDelegate.m in Sources */ = {isa = PBXBuildFile; fileRef = 4E10ABBE1E71339F00BCF21B /* AppDelegate.m */; };
		4E10ABC71E71339F00BCF21B /* Assets.xcassets in Resources */ = {isa = PBXBuildFile; fileRef = 4E10ABC61E71339F00BCF21B /* Assets.xcassets */; };
		4E10ABCA1E71339F00BCF21B /* LaunchScreen.storyboard in Resources */ = {isa = PBXBuildFile; fileRef = 4E10ABC81E71339F00BCF21B /* LaunchScreen.storyboard */; };
		4E10ABEF1E713DE700BCF21B /* DETabBarController.m in Sources */ = {isa = PBXBuildFile; fileRef = 4E10ABEE1E713DE700BCF21B /* DETabBarController.m */; };
		4E10ABF31E713E7300BCF21B /* DENavigationController.m in Sources */ = {isa = PBXBuildFile; fileRef = 4E10ABF21E713E7300BCF21B /* DENavigationController.m */; };
		4E10ABF61E7143C200BCF21B /* DEViewController.m in Sources */ = {isa = PBXBuildFile; fileRef = 4E10ABF51E7143C200BCF21B /* DEViewController.m */; };
		4E10ABFD1E71457C00BCF21B /* DrivingViewController.m in Sources */ = {isa = PBXBuildFile; fileRef = 4E10ABFC1E71457C00BCF21B /* DrivingViewController.m */; };
		4E10AC001E71458D00BCF21B /* InfoViewController.m in Sources */ = {isa = PBXBuildFile; fileRef = 4E10ABFF1E71458D00BCF21B /* InfoViewController.m */; };
		4E10AC031E71459900BCF21B /* MeViewController.m in Sources */ = {isa = PBXBuildFile; fileRef = 4E10AC021E71459900BCF21B /* MeViewController.m */; };
		4E10AC071E71569400BCF21B /* DrivingTopView.m in Sources */ = {isa = PBXBuildFile; fileRef = 4E10AC061E71569400BCF21B /* DrivingTopView.m */; };
		4E10AC0A1E724CD900BCF21B /* LocationViewController.m in Sources */ = {isa = PBXBuildFile; fileRef = 4E10AC091E724CD900BCF21B /* LocationViewController.m */; };
/* End PBXBuildFile section */

/* Begin PBXContainerItemProxy section */
		4E10ABD11E71339F00BCF21B /* PBXContainerItemProxy */ = {
			isa = PBXContainerItemProxy;
			containerPortal = 4E10ABAF1E71339F00BCF21B /* Project object */;
			proxyType = 1;
			remoteGlobalIDString = 4E10ABB61E71339F00BCF21B;
			remoteInfo = DriverEpoch;
		};
		4E10ABDC1E71339F00BCF21B /* PBXContainerItemProxy */ = {
			isa = PBXContainerItemProxy;
			containerPortal = 4E10ABAF1E71339F00BCF21B /* Project object */;
			proxyType = 1;
			remoteGlobalIDString = 4E10ABB61E71339F00BCF21B;
			remoteInfo = DriverEpoch;
		};
/* End PBXContainerItemProxy section */

/* Begin PBXFileReference section */
		07E84A4D0C8B24972A963A8B /* Pods-DriverEpochUITests.debug.xcconfig */ = {isa = PBXFileReference; includeInIndex = 1; lastKnownFileType = text.xcconfig; name = "Pods-DriverEpochUITests.debug.xcconfig"; path = "Pods/Target Support Files/Pods-DriverEpochUITests/Pods-DriverEpochUITests.debug.xcconfig"; sourceTree = "<group>"; };
		08028B8A1ED0437D0060A7F1 /* UserViewController.h */ = {isa = PBXFileReference; fileEncoding = 4; lastKnownFileType = sourcecode.c.h; path = UserViewController.h; sourceTree = "<group>"; };
		08028B8B1ED0437D0060A7F1 /* UserViewController.m */ = {isa = PBXFileReference; fileEncoding = 4; lastKnownFileType = sourcecode.c.objc; path = UserViewController.m; sourceTree = "<group>"; };
		082DBD081ED19F1000CD7814 /* EditInfoController.h */ = {isa = PBXFileReference; fileEncoding = 4; lastKnownFileType = sourcecode.c.h; path = EditInfoController.h; sourceTree = "<group>"; };
		082DBD091ED19F1000CD7814 /* EditInfoController.m */ = {isa = PBXFileReference; fileEncoding = 4; lastKnownFileType = sourcecode.c.objc; path = EditInfoController.m; sourceTree = "<group>"; };
		082DBD0B1ED1DCE300CD7814 /* HistoryPlacesController.h */ = {isa = PBXFileReference; fileEncoding = 4; lastKnownFileType = sourcecode.c.h; path = HistoryPlacesController.h; sourceTree = "<group>"; };
		082DBD0C1ED1DCE300CD7814 /* HistoryPlacesController.m */ = {isa = PBXFileReference; fileEncoding = 4; lastKnownFileType = sourcecode.c.objc; path = HistoryPlacesController.m; sourceTree = "<group>"; };
		082DBD101ED1E53800CD7814 /* PlaceCell.h */ = {isa = PBXFileReference; fileEncoding = 4; lastKnownFileType = sourcecode.c.h; path = PlaceCell.h; sourceTree = "<group>"; };
		082DBD111ED1E53800CD7814 /* PlaceCell.m */ = {isa = PBXFileReference; fileEncoding = 4; lastKnownFileType = sourcecode.c.objc; path = PlaceCell.m; sourceTree = "<group>"; };
		082DBD131ED1F2F800CD7814 /* OrdersController.h */ = {isa = PBXFileReference; fileEncoding = 4; lastKnownFileType = sourcecode.c.h; path = OrdersController.h; sourceTree = "<group>"; };
		082DBD141ED1F2F800CD7814 /* OrdersController.m */ = {isa = PBXFileReference; fileEncoding = 4; lastKnownFileType = sourcecode.c.objc; path = OrdersController.m; sourceTree = "<group>"; };
		082DBD161ED1F4AE00CD7814 /* OrderCell.h */ = {isa = PBXFileReference; fileEncoding = 4; lastKnownFileType = sourcecode.c.h; path = OrderCell.h; sourceTree = "<group>"; };
		082DBD171ED1F4AE00CD7814 /* OrderCell.m */ = {isa = PBXFileReference; fileEncoding = 4; lastKnownFileType = sourcecode.c.objc; path = OrderCell.m; sourceTree = "<group>"; };
		082DBD191ED1F69500CD7814 /* iconfont.ttf */ = {isa = PBXFileReference; lastKnownFileType = file; path = iconfont.ttf; sourceTree = "<group>"; };
		082DBD1B1ED1FE0A00CD7814 /* PointsController.h */ = {isa = PBXFileReference; fileEncoding = 4; lastKnownFileType = sourcecode.c.h; path = PointsController.h; sourceTree = "<group>"; };
		082DBD1C1ED1FE0A00CD7814 /* PointsController.m */ = {isa = PBXFileReference; fileEncoding = 4; lastKnownFileType = sourcecode.c.objc; path = PointsController.m; sourceTree = "<group>"; };
		08339E131E7560BA005DABBA /* DrivingCollectionViewCell.h */ = {isa = PBXFileReference; fileEncoding = 4; lastKnownFileType = sourcecode.c.h; path = DrivingCollectionViewCell.h; sourceTree = "<group>"; };
		08339E141E7560BA005DABBA /* DrivingCollectionViewCell.m */ = {isa = PBXFileReference; fileEncoding = 4; lastKnownFileType = sourcecode.c.objc; path = DrivingCollectionViewCell.m; sourceTree = "<group>"; };
		08A0C4381EB5A1000082C079 /* DEPOIViewController.h */ = {isa = PBXFileReference; fileEncoding = 4; lastKnownFileType = sourcecode.c.h; path = DEPOIViewController.h; sourceTree = "<group>"; };
		08A0C4391EB5A1000082C079 /* DEPOIViewController.m */ = {isa = PBXFileReference; fileEncoding = 4; lastKnownFileType = sourcecode.c.objc; path = DEPOIViewController.m; sourceTree = "<group>"; };
		08A0C43B1EB5A9200082C079 /* DEPOICell.h */ = {isa = PBXFileReference; fileEncoding = 4; lastKnownFileType = sourcecode.c.h; path = DEPOICell.h; sourceTree = "<group>"; };
		08A0C43C1EB5A9200082C079 /* DEPOICell.m */ = {isa = PBXFileReference; fileEncoding = 4; lastKnownFileType = sourcecode.c.objc; path = DEPOICell.m; sourceTree = "<group>"; };
		08A0C4421EB61D060082C079 /* WeatherController.h */ = {isa = PBXFileReference; fileEncoding = 4; lastKnownFileType = sourcecode.c.h; path = WeatherController.h; sourceTree = "<group>"; };
		08A0C4431EB61D060082C079 /* WeatherController.m */ = {isa = PBXFileReference; fileEncoding = 4; lastKnownFileType = sourcecode.c.objc; path = WeatherController.m; sourceTree = "<group>"; };
		08A0C4451EB65AB60082C079 /* NaviController.h */ = {isa = PBXFileReference; fileEncoding = 4; lastKnownFileType = sourcecode.c.h; path = NaviController.h; sourceTree = "<group>"; };
		08A0C4461EB65AB60082C079 /* NaviController.m */ = {isa = PBXFileReference; fileEncoding = 4; lastKnownFileType = sourcecode.c.objc; path = NaviController.m; sourceTree = "<group>"; };
		08A13D3B1EA3AE650054C8C4 /* InfoCell.h */ = {isa = PBXFileReference; fileEncoding = 4; lastKnownFileType = sourcecode.c.h; path = InfoCell.h; sourceTree = "<group>"; };
		08A13D3C1EA3AE650054C8C4 /* InfoCell.m */ = {isa = PBXFileReference; fileEncoding = 4; lastKnownFileType = sourcecode.c.objc; path = InfoCell.m; sourceTree = "<group>"; };
		08A13D3E1EA3B0490054C8C4 /* InfoDetailController.h */ = {isa = PBXFileReference; fileEncoding = 4; lastKnownFileType = sourcecode.c.h; path = InfoDetailController.h; sourceTree = "<group>"; };
		08A13D3F1EA3B0490054C8C4 /* InfoDetailController.m */ = {isa = PBXFileReference; fileEncoding = 4; lastKnownFileType = sourcecode.c.objc; path = InfoDetailController.m; sourceTree = "<group>"; };
		08A13D411EA3B1D10054C8C4 /* InfoHeadCell.h */ = {isa = PBXFileReference; fileEncoding = 4; lastKnownFileType = sourcecode.c.h; path = InfoHeadCell.h; sourceTree = "<group>"; };
		08A13D421EA3B1D10054C8C4 /* InfoHeadCell.m */ = {isa = PBXFileReference; fileEncoding = 4; lastKnownFileType = sourcecode.c.objc; path = InfoHeadCell.m; sourceTree = "<group>"; };
		08A45B6D1ECDC1A400DC8E8E /* DateController.h */ = {isa = PBXFileReference; fileEncoding = 4; lastKnownFileType = sourcecode.c.h; path = DateController.h; sourceTree = "<group>"; };
		08A45B6E1ECDC1A400DC8E8E /* DateController.m */ = {isa = PBXFileReference; fileEncoding = 4; lastKnownFileType = sourcecode.c.objc; path = DateController.m; sourceTree = "<group>"; };
		08A9F9321EB3AC3A0039E381 /* AffairListCell.h */ = {isa = PBXFileReference; fileEncoding = 4; lastKnownFileType = sourcecode.c.h; path = AffairListCell.h; sourceTree = "<group>"; };
		08A9F9331EB3AC3A0039E381 /* AffairListCell.m */ = {isa = PBXFileReference; fileEncoding = 4; lastKnownFileType = sourcecode.c.objc; path = AffairListCell.m; sourceTree = "<group>"; };
		08FC69291E7418CA00D79F18 /* DERegisterViewController.h */ = {isa = PBXFileReference; fileEncoding = 4; lastKnownFileType = sourcecode.c.h; path = DERegisterViewController.h; sourceTree = "<group>"; };
		08FC692A1E7418CA00D79F18 /* DERegisterViewController.m */ = {isa = PBXFileReference; fileEncoding = 4; lastKnownFileType = sourcecode.c.objc; path = DERegisterViewController.m; sourceTree = "<group>"; };
		08FC692C1E7418D800D79F18 /* DELoginViewController.h */ = {isa = PBXFileReference; fileEncoding = 4; lastKnownFileType = sourcecode.c.h; path = DELoginViewController.h; sourceTree = "<group>"; };
		08FC692D1E7418D800D79F18 /* DELoginViewController.m */ = {isa = PBXFileReference; fileEncoding = 4; lastKnownFileType = sourcecode.c.objc; path = DELoginViewController.m; sourceTree = "<group>"; };
		2DC111A2859BC4CCDE198049 /* libPods-DriverEpoch.a */ = {isa = PBXFileReference; explicitFileType = archive.ar; includeInIndex = 0; path = "libPods-DriverEpoch.a"; sourceTree = BUILT_PRODUCTS_DIR; };
		4346EAE266E0B06C72EE4F08 /* Pods-DriverEpochTests.release.xcconfig */ = {isa = PBXFileReference; includeInIndex = 1; lastKnownFileType = text.xcconfig; name = "Pods-DriverEpochTests.release.xcconfig"; path = "Pods/Target Support Files/Pods-DriverEpochTests/Pods-DriverEpochTests.release.xcconfig"; sourceTree = "<group>"; };
		4E10ABB71E71339F00BCF21B /* DriverEpoch.app */ = {isa = PBXFileReference; explicitFileType = wrapper.application; includeInIndex = 0; path = DriverEpoch.app; sourceTree = BUILT_PRODUCTS_DIR; };
		4E10ABBB1E71339F00BCF21B /* main.m */ = {isa = PBXFileReference; lastKnownFileType = sourcecode.c.objc; path = main.m; sourceTree = "<group>"; };
		4E10ABBD1E71339F00BCF21B /* AppDelegate.h */ = {isa = PBXFileReference; lastKnownFileType = sourcecode.c.h; path = AppDelegate.h; sourceTree = "<group>"; };
		4E10ABBE1E71339F00BCF21B /* AppDelegate.m */ = {isa = PBXFileReference; lastKnownFileType = sourcecode.c.objc; path = AppDelegate.m; sourceTree = "<group>"; };
		4E10ABC61E71339F00BCF21B /* Assets.xcassets */ = {isa = PBXFileReference; lastKnownFileType = folder.assetcatalog; path = Assets.xcassets; sourceTree = "<group>"; };
		4E10ABC91E71339F00BCF21B /* Base */ = {isa = PBXFileReference; lastKnownFileType = file.storyboard; name = Base; path = Base.lproj/LaunchScreen.storyboard; sourceTree = "<group>"; };
		4E10ABCB1E71339F00BCF21B /* Info.plist */ = {isa = PBXFileReference; lastKnownFileType = text.plist.xml; path = Info.plist; sourceTree = "<group>"; };
		4E10ABD01E71339F00BCF21B /* DriverEpochTests.xctest */ = {isa = PBXFileReference; explicitFileType = wrapper.cfbundle; includeInIndex = 0; path = DriverEpochTests.xctest; sourceTree = BUILT_PRODUCTS_DIR; };
		4E10ABDB1E71339F00BCF21B /* DriverEpochUITests.xctest */ = {isa = PBXFileReference; explicitFileType = wrapper.cfbundle; includeInIndex = 0; path = DriverEpochUITests.xctest; sourceTree = BUILT_PRODUCTS_DIR; };
		4E10ABED1E713DE700BCF21B /* DETabBarController.h */ = {isa = PBXFileReference; fileEncoding = 4; lastKnownFileType = sourcecode.c.h; path = DETabBarController.h; sourceTree = "<group>"; };
		4E10ABEE1E713DE700BCF21B /* DETabBarController.m */ = {isa = PBXFileReference; fileEncoding = 4; lastKnownFileType = sourcecode.c.objc; path = DETabBarController.m; sourceTree = "<group>"; };
		4E10ABF11E713E7300BCF21B /* DENavigationController.h */ = {isa = PBXFileReference; fileEncoding = 4; lastKnownFileType = sourcecode.c.h; path = DENavigationController.h; sourceTree = "<group>"; };
		4E10ABF21E713E7300BCF21B /* DENavigationController.m */ = {isa = PBXFileReference; fileEncoding = 4; lastKnownFileType = sourcecode.c.objc; path = DENavigationController.m; sourceTree = "<group>"; };
		4E10ABF41E7143C200BCF21B /* DEViewController.h */ = {isa = PBXFileReference; fileEncoding = 4; lastKnownFileType = sourcecode.c.h; path = DEViewController.h; sourceTree = "<group>"; };
		4E10ABF51E7143C200BCF21B /* DEViewController.m */ = {isa = PBXFileReference; fileEncoding = 4; lastKnownFileType = sourcecode.c.objc; path = DEViewController.m; sourceTree = "<group>"; };
		4E10ABFB1E71457C00BCF21B /* DrivingViewController.h */ = {isa = PBXFileReference; fileEncoding = 4; lastKnownFileType = sourcecode.c.h; path = DrivingViewController.h; sourceTree = "<group>"; };
		4E10ABFC1E71457C00BCF21B /* DrivingViewController.m */ = {isa = PBXFileReference; fileEncoding = 4; lastKnownFileType = sourcecode.c.objc; path = DrivingViewController.m; sourceTree = "<group>"; };
		4E10ABFE1E71458D00BCF21B /* InfoViewController.h */ = {isa = PBXFileReference; fileEncoding = 4; lastKnownFileType = sourcecode.c.h; path = InfoViewController.h; sourceTree = "<group>"; };
		4E10ABFF1E71458D00BCF21B /* InfoViewController.m */ = {isa = PBXFileReference; fileEncoding = 4; lastKnownFileType = sourcecode.c.objc; path = InfoViewController.m; sourceTree = "<group>"; };
		4E10AC011E71459900BCF21B /* MeViewController.h */ = {isa = PBXFileReference; fileEncoding = 4; lastKnownFileType = sourcecode.c.h; path = MeViewController.h; sourceTree = "<group>"; };
		4E10AC021E71459900BCF21B /* MeViewController.m */ = {isa = PBXFileReference; fileEncoding = 4; lastKnownFileType = sourcecode.c.objc; path = MeViewController.m; sourceTree = "<group>"; };
		4E10AC041E714FA700BCF21B /* PrefixHeader.pch */ = {isa = PBXFileReference; lastKnownFileType = sourcecode.c.h; path = PrefixHeader.pch; sourceTree = "<group>"; };
		4E10AC051E71569400BCF21B /* DrivingTopView.h */ = {isa = PBXFileReference; fileEncoding = 4; lastKnownFileType = sourcecode.c.h; path = DrivingTopView.h; sourceTree = "<group>"; };
		4E10AC061E71569400BCF21B /* DrivingTopView.m */ = {isa = PBXFileReference; fileEncoding = 4; lastKnownFileType = sourcecode.c.objc; path = DrivingTopView.m; sourceTree = "<group>"; };
		4E10AC081E724CD900BCF21B /* LocationViewController.h */ = {isa = PBXFileReference; fileEncoding = 4; lastKnownFileType = sourcecode.c.h; path = LocationViewController.h; sourceTree = "<group>"; };
		4E10AC091E724CD900BCF21B /* LocationViewController.m */ = {isa = PBXFileReference; fileEncoding = 4; lastKnownFileType = sourcecode.c.objc; path = LocationViewController.m; sourceTree = "<group>"; };
		758D4F97A52E549ACB3B54A7 /* Pods-DriverEpochUITests.release.xcconfig */ = {isa = PBXFileReference; includeInIndex = 1; lastKnownFileType = text.xcconfig; name = "Pods-DriverEpochUITests.release.xcconfig"; path = "Pods/Target Support Files/Pods-DriverEpochUITests/Pods-DriverEpochUITests.release.xcconfig"; sourceTree = "<group>"; };
		BC505DE0BB4EB00E1664063D /* Pods-DriverEpoch.debug.xcconfig */ = {isa = PBXFileReference; includeInIndex = 1; lastKnownFileType = text.xcconfig; name = "Pods-DriverEpoch.debug.xcconfig"; path = "Pods/Target Support Files/Pods-DriverEpoch/Pods-DriverEpoch.debug.xcconfig"; sourceTree = "<group>"; };
		C627575FC3CCEE6550CECB13 /* Pods-DriverEpoch.release.xcconfig */ = {isa = PBXFileReference; includeInIndex = 1; lastKnownFileType = text.xcconfig; name = "Pods-DriverEpoch.release.xcconfig"; path = "Pods/Target Support Files/Pods-DriverEpoch/Pods-DriverEpoch.release.xcconfig"; sourceTree = "<group>"; };
		DB8598C64748D2810126E6F3 /* Pods-DriverEpochTests.debug.xcconfig */ = {isa = PBXFileReference; includeInIndex = 1; lastKnownFileType = text.xcconfig; name = "Pods-DriverEpochTests.debug.xcconfig"; path = "Pods/Target Support Files/Pods-DriverEpochTests/Pods-DriverEpochTests.debug.xcconfig"; sourceTree = "<group>"; };
/* End PBXFileReference section */

/* Begin PBXFrameworksBuildPhase section */
		4E10ABB41E71339F00BCF21B /* Frameworks */ = {
			isa = PBXFrameworksBuildPhase;
			buildActionMask = 2147483647;
			files = (
				2C9DEB39854B608DAD5129E5 /* libPods-DriverEpoch.a in Frameworks */,
			);
			runOnlyForDeploymentPostprocessing = 0;
		};
		4E10ABCD1E71339F00BCF21B /* Frameworks */ = {
			isa = PBXFrameworksBuildPhase;
			buildActionMask = 2147483647;
			files = (
			);
			runOnlyForDeploymentPostprocessing = 0;
		};
		4E10ABD81E71339F00BCF21B /* Frameworks */ = {
			isa = PBXFrameworksBuildPhase;
			buildActionMask = 2147483647;
			files = (
			);
			runOnlyForDeploymentPostprocessing = 0;
		};
/* End PBXFrameworksBuildPhase section */

/* Begin PBXGroup section */
		08FC69281E74186B00D79F18 /* RegisterAndLogin */ = {
			isa = PBXGroup;
			children = (
				08FC69291E7418CA00D79F18 /* DERegisterViewController.h */,
				08FC692A1E7418CA00D79F18 /* DERegisterViewController.m */,
				08FC692C1E7418D800D79F18 /* DELoginViewController.h */,
				08FC692D1E7418D800D79F18 /* DELoginViewController.m */,
			);
			name = RegisterAndLogin;
			sourceTree = "<group>";
		};
		1EB7AB0FD984AD48628145C3 /* Frameworks */ = {
			isa = PBXGroup;
			children = (
				2DC111A2859BC4CCDE198049 /* libPods-DriverEpoch.a */,
			);
			name = Frameworks;
			sourceTree = "<group>";
		};
		4E10ABAE1E71339F00BCF21B = {
			isa = PBXGroup;
			children = (
				4E10ABB91E71339F00BCF21B /* DriverEpoch */,
				4E10ABB81E71339F00BCF21B /* Products */,
				9E5BEA0C1B7E7F8AFB67D60B /* Pods */,
				1EB7AB0FD984AD48628145C3 /* Frameworks */,
			);
			sourceTree = "<group>";
		};
		4E10ABB81E71339F00BCF21B /* Products */ = {
			isa = PBXGroup;
			children = (
				4E10ABB71E71339F00BCF21B /* DriverEpoch.app */,
				4E10ABD01E71339F00BCF21B /* DriverEpochTests.xctest */,
				4E10ABDB1E71339F00BCF21B /* DriverEpochUITests.xctest */,
			);
			name = Products;
			sourceTree = "<group>";
		};
		4E10ABB91E71339F00BCF21B /* DriverEpoch */ = {
			isa = PBXGroup;
			children = (
				08FC69281E74186B00D79F18 /* RegisterAndLogin */,
				4E10ABF01E713E0200BCF21B /* Main */,
				4E10ABF81E71450500BCF21B /* Driving */,
				4E10ABF91E71452700BCF21B /* Information */,
				4E10ABFA1E71454400BCF21B /* Me */,
				4E10ABC61E71339F00BCF21B /* Assets.xcassets */,
				4E10ABC81E71339F00BCF21B /* LaunchScreen.storyboard */,
				4E10ABCB1E71339F00BCF21B /* Info.plist */,
				4E10ABBA1E71339F00BCF21B /* Supporting Files */,
			);
			path = DriverEpoch;
			sourceTree = "<group>";
		};
		4E10ABBA1E71339F00BCF21B /* Supporting Files */ = {
			isa = PBXGroup;
			children = (
				082DBD191ED1F69500CD7814 /* iconfont.ttf */,
				4E10ABBB1E71339F00BCF21B /* main.m */,
				4E10AC041E714FA700BCF21B /* PrefixHeader.pch */,
			);
			name = "Supporting Files";
			sourceTree = "<group>";
		};
		4E10ABF01E713E0200BCF21B /* Main */ = {
			isa = PBXGroup;
			children = (
				4E10ABF41E7143C200BCF21B /* DEViewController.h */,
				4E10ABF51E7143C200BCF21B /* DEViewController.m */,
				4E10ABF11E713E7300BCF21B /* DENavigationController.h */,
				4E10ABF21E713E7300BCF21B /* DENavigationController.m */,
				4E10ABED1E713DE700BCF21B /* DETabBarController.h */,
				4E10ABEE1E713DE700BCF21B /* DETabBarController.m */,
				4E10ABBD1E71339F00BCF21B /* AppDelegate.h */,
				4E10ABBE1E71339F00BCF21B /* AppDelegate.m */,
			);
			name = Main;
			sourceTree = "<group>";
		};
		4E10ABF81E71450500BCF21B /* Driving */ = {
			isa = PBXGroup;
			children = (
				4E10ABFB1E71457C00BCF21B /* DrivingViewController.h */,
				4E10ABFC1E71457C00BCF21B /* DrivingViewController.m */,
				08339E131E7560BA005DABBA /* DrivingCollectionViewCell.h */,
				08339E141E7560BA005DABBA /* DrivingCollectionViewCell.m */,
				4E10AC051E71569400BCF21B /* DrivingTopView.h */,
				4E10AC061E71569400BCF21B /* DrivingTopView.m */,
				4E10AC081E724CD900BCF21B /* LocationViewController.h */,
				4E10AC091E724CD900BCF21B /* LocationViewController.m */,
				08A0C4381EB5A1000082C079 /* DEPOIViewController.h */,
				08A0C4391EB5A1000082C079 /* DEPOIViewController.m */,
				08A0C43B1EB5A9200082C079 /* DEPOICell.h */,
				08A0C43C1EB5A9200082C079 /* DEPOICell.m */,
				08A0C4421EB61D060082C079 /* WeatherController.h */,
				08A0C4431EB61D060082C079 /* WeatherController.m */,
				08A0C4451EB65AB60082C079 /* NaviController.h */,
				08A0C4461EB65AB60082C079 /* NaviController.m */,
				08A45B6D1ECDC1A400DC8E8E /* DateController.h */,
				08A45B6E1ECDC1A400DC8E8E /* DateController.m */,
			);
			name = Driving;
			sourceTree = "<group>";
		};
		4E10ABF91E71452700BCF21B /* Information */ = {
			isa = PBXGroup;
			children = (
				4E10ABFE1E71458D00BCF21B /* InfoViewController.h */,
				4E10ABFF1E71458D00BCF21B /* InfoViewController.m */,
				08A13D3B1EA3AE650054C8C4 /* InfoCell.h */,
				08A13D3C1EA3AE650054C8C4 /* InfoCell.m */,
				08A13D3E1EA3B0490054C8C4 /* InfoDetailController.h */,
				08A13D3F1EA3B0490054C8C4 /* InfoDetailController.m */,
				08A13D411EA3B1D10054C8C4 /* InfoHeadCell.h */,
				08A13D421EA3B1D10054C8C4 /* InfoHeadCell.m */,
			);
			name = Information;
			sourceTree = "<group>";
		};
		4E10ABFA1E71454400BCF21B /* Me */ = {
			isa = PBXGroup;
			children = (
				4E10AC011E71459900BCF21B /* MeViewController.h */,
				4E10AC021E71459900BCF21B /* MeViewController.m */,
				08A9F9321EB3AC3A0039E381 /* AffairListCell.h */,
				08A9F9331EB3AC3A0039E381 /* AffairListCell.m */,
				08028B8A1ED0437D0060A7F1 /* UserViewController.h */,
				08028B8B1ED0437D0060A7F1 /* UserViewController.m */,
				082DBD081ED19F1000CD7814 /* EditInfoController.h */,
				082DBD091ED19F1000CD7814 /* EditInfoController.m */,
				082DBD0B1ED1DCE300CD7814 /* HistoryPlacesController.h */,
				082DBD0C1ED1DCE300CD7814 /* HistoryPlacesController.m */,
				082DBD101ED1E53800CD7814 /* PlaceCell.h */,
				082DBD111ED1E53800CD7814 /* PlaceCell.m */,
				082DBD131ED1F2F800CD7814 /* OrdersController.h */,
				082DBD141ED1F2F800CD7814 /* OrdersController.m */,
				082DBD161ED1F4AE00CD7814 /* OrderCell.h */,
				082DBD171ED1F4AE00CD7814 /* OrderCell.m */,
				082DBD1B1ED1FE0A00CD7814 /* PointsController.h */,
				082DBD1C1ED1FE0A00CD7814 /* PointsController.m */,
			);
			name = Me;
			sourceTree = "<group>";
		};
		9E5BEA0C1B7E7F8AFB67D60B /* Pods */ = {
			isa = PBXGroup;
			children = (
				BC505DE0BB4EB00E1664063D /* Pods-DriverEpoch.debug.xcconfig */,
				C627575FC3CCEE6550CECB13 /* Pods-DriverEpoch.release.xcconfig */,
				DB8598C64748D2810126E6F3 /* Pods-DriverEpochTests.debug.xcconfig */,
				4346EAE266E0B06C72EE4F08 /* Pods-DriverEpochTests.release.xcconfig */,
				07E84A4D0C8B24972A963A8B /* Pods-DriverEpochUITests.debug.xcconfig */,
				758D4F97A52E549ACB3B54A7 /* Pods-DriverEpochUITests.release.xcconfig */,
			);
			name = Pods;
			sourceTree = "<group>";
		};
/* End PBXGroup section */

/* Begin PBXNativeTarget section */
		4E10ABB61E71339F00BCF21B /* DriverEpoch */ = {
			isa = PBXNativeTarget;
			buildConfigurationList = 4E10ABE41E71339F00BCF21B /* Build configuration list for PBXNativeTarget "DriverEpoch" */;
			buildPhases = (
				547BE31A7FF3718315D798A6 /* [CP] Check Pods Manifest.lock */,
				4E10ABB31E71339F00BCF21B /* Sources */,
				4E10ABB41E71339F00BCF21B /* Frameworks */,
				4E10ABB51E71339F00BCF21B /* Resources */,
				20E9AE548E129BD7AF56D9A4 /* [CP] Embed Pods Frameworks */,
				3F045279F3EA2A369ED55646 /* [CP] Copy Pods Resources */,
			);
			buildRules = (
			);
			dependencies = (
			);
			name = DriverEpoch;
			productName = DriverEpoch;
			productReference = 4E10ABB71E71339F00BCF21B /* DriverEpoch.app */;
			productType = "com.apple.product-type.application";
		};
		4E10ABCF1E71339F00BCF21B /* DriverEpochTests */ = {
			isa = PBXNativeTarget;
			buildConfigurationList = 4E10ABE71E71339F00BCF21B /* Build configuration list for PBXNativeTarget "DriverEpochTests" */;
			buildPhases = (
				AD300C1D89CB0F50D9B4F0CA /* [CP] Check Pods Manifest.lock */,
				4E10ABCC1E71339F00BCF21B /* Sources */,
				4E10ABCD1E71339F00BCF21B /* Frameworks */,
				4E10ABCE1E71339F00BCF21B /* Resources */,
				F81E272CE6D1FB4C8F0D3AB5 /* [CP] Embed Pods Frameworks */,
				BAE7A2EF36F404874EE140D6 /* [CP] Copy Pods Resources */,
			);
			buildRules = (
			);
			dependencies = (
				4E10ABD21E71339F00BCF21B /* PBXTargetDependency */,
			);
			name = DriverEpochTests;
			productName = DriverEpochTests;
			productReference = 4E10ABD01E71339F00BCF21B /* DriverEpochTests.xctest */;
			productType = "com.apple.product-type.bundle.unit-test";
		};
		4E10ABDA1E71339F00BCF21B /* DriverEpochUITests */ = {
			isa = PBXNativeTarget;
			buildConfigurationList = 4E10ABEA1E71339F00BCF21B /* Build configuration list for PBXNativeTarget "DriverEpochUITests" */;
			buildPhases = (
				B58A72B3676B7D716FBDA921 /* [CP] Check Pods Manifest.lock */,
				4E10ABD71E71339F00BCF21B /* Sources */,
				4E10ABD81E71339F00BCF21B /* Frameworks */,
				4E10ABD91E71339F00BCF21B /* Resources */,
				C40395A09547E0C59E6029A5 /* [CP] Embed Pods Frameworks */,
				4FD09B3BD8FB6D1F3725023A /* [CP] Copy Pods Resources */,
			);
			buildRules = (
			);
			dependencies = (
				4E10ABDD1E71339F00BCF21B /* PBXTargetDependency */,
			);
			name = DriverEpochUITests;
			productName = DriverEpochUITests;
			productReference = 4E10ABDB1E71339F00BCF21B /* DriverEpochUITests.xctest */;
			productType = "com.apple.product-type.bundle.ui-testing";
		};
/* End PBXNativeTarget section */

/* Begin PBXProject section */
		4E10ABAF1E71339F00BCF21B /* Project object */ = {
			isa = PBXProject;
			attributes = {
				LastUpgradeCheck = 0820;
				ORGANIZATIONNAME = "http://halohily.com";
				TargetAttributes = {
					4E10ABB61E71339F00BCF21B = {
						CreatedOnToolsVersion = 8.2.1;
						DevelopmentTeam = V2GC55R3DL;
						ProvisioningStyle = Automatic;
					};
					4E10ABCF1E71339F00BCF21B = {
						CreatedOnToolsVersion = 8.2.1;
						DevelopmentTeam = V2GC55R3DL;
						ProvisioningStyle = Automatic;
						TestTargetID = 4E10ABB61E71339F00BCF21B;
					};
					4E10ABDA1E71339F00BCF21B = {
						CreatedOnToolsVersion = 8.2.1;
						DevelopmentTeam = V2GC55R3DL;
						ProvisioningStyle = Automatic;
						TestTargetID = 4E10ABB61E71339F00BCF21B;
					};
				};
			};
			buildConfigurationList = 4E10ABB21E71339F00BCF21B /* Build configuration list for PBXProject "DriverEpoch" */;
			compatibilityVersion = "Xcode 3.2";
			developmentRegion = English;
			hasScannedForEncodings = 0;
			knownRegions = (
				en,
				Base,
			);
			mainGroup = 4E10ABAE1E71339F00BCF21B;
			productRefGroup = 4E10ABB81E71339F00BCF21B /* Products */;
			projectDirPath = "";
			projectRoot = "";
			targets = (
				4E10ABB61E71339F00BCF21B /* DriverEpoch */,
				4E10ABCF1E71339F00BCF21B /* DriverEpochTests */,
				4E10ABDA1E71339F00BCF21B /* DriverEpochUITests */,
			);
		};
/* End PBXProject section */

/* Begin PBXResourcesBuildPhase section */
		4E10ABB51E71339F00BCF21B /* Resources */ = {
			isa = PBXResourcesBuildPhase;
			buildActionMask = 2147483647;
			files = (
				082DBD1A1ED1F6A000CD7814 /* iconfont.ttf in Resources */,
				4E10ABCA1E71339F00BCF21B /* LaunchScreen.storyboard in Resources */,
				4E10ABC71E71339F00BCF21B /* Assets.xcassets in Resources */,
			);
			runOnlyForDeploymentPostprocessing = 0;
		};
		4E10ABCE1E71339F00BCF21B /* Resources */ = {
			isa = PBXResourcesBuildPhase;
			buildActionMask = 2147483647;
			files = (
			);
			runOnlyForDeploymentPostprocessing = 0;
		};
		4E10ABD91E71339F00BCF21B /* Resources */ = {
			isa = PBXResourcesBuildPhase;
			buildActionMask = 2147483647;
			files = (
			);
			runOnlyForDeploymentPostprocessing = 0;
		};
/* End PBXResourcesBuildPhase section */

/* Begin PBXShellScriptBuildPhase section */
		20E9AE548E129BD7AF56D9A4 /* [CP] Embed Pods Frameworks */ = {
			isa = PBXShellScriptBuildPhase;
			buildActionMask = 2147483647;
			files = (
			);
			inputPaths = (
			);
			name = "[CP] Embed Pods Frameworks";
			outputPaths = (
			);
			runOnlyForDeploymentPostprocessing = 0;
			shellPath = /bin/sh;
			shellScript = "\"${SRCROOT}/Pods/Target Support Files/Pods-DriverEpoch/Pods-DriverEpoch-frameworks.sh\"\n";
			showEnvVarsInLog = 0;
		};
		3F045279F3EA2A369ED55646 /* [CP] Copy Pods Resources */ = {
			isa = PBXShellScriptBuildPhase;
			buildActionMask = 2147483647;
			files = (
			);
			inputPaths = (
			);
			name = "[CP] Copy Pods Resources";
			outputPaths = (
			);
			runOnlyForDeploymentPostprocessing = 0;
			shellPath = /bin/sh;
			shellScript = "\"${SRCROOT}/Pods/Target Support Files/Pods-DriverEpoch/Pods-DriverEpoch-resources.sh\"\n";
			showEnvVarsInLog = 0;
		};
		4FD09B3BD8FB6D1F3725023A /* [CP] Copy Pods Resources */ = {
			isa = PBXShellScriptBuildPhase;
			buildActionMask = 2147483647;
			files = (
			);
			inputPaths = (
			);
			name = "[CP] Copy Pods Resources";
			outputPaths = (
			);
			runOnlyForDeploymentPostprocessing = 0;
			shellPath = /bin/sh;
			shellScript = "\"${SRCROOT}/Pods/Target Support Files/Pods-DriverEpochUITests/Pods-DriverEpochUITests-resources.sh\"\n";
			showEnvVarsInLog = 0;
		};
		547BE31A7FF3718315D798A6 /* [CP] Check Pods Manifest.lock */ = {
			isa = PBXShellScriptBuildPhase;
			buildActionMask = 2147483647;
			files = (
			);
			inputPaths = (
			);
			name = "[CP] Check Pods Manifest.lock";
			outputPaths = (
			);
			runOnlyForDeploymentPostprocessing = 0;
			shellPath = /bin/sh;
			shellScript = "diff \"${PODS_ROOT}/../Podfile.lock\" \"${PODS_ROOT}/Manifest.lock\" > /dev/null\nif [ $? != 0 ] ; then\n    # print error to STDERR\n    echo \"error: The sandbox is not in sync with the Podfile.lock. Run 'pod install' or update your CocoaPods installation.\" >&2\n    exit 1\nfi\n";
			showEnvVarsInLog = 0;
		};
		AD300C1D89CB0F50D9B4F0CA /* [CP] Check Pods Manifest.lock */ = {
			isa = PBXShellScriptBuildPhase;
			buildActionMask = 2147483647;
			files = (
			);
			inputPaths = (
			);
			name = "[CP] Check Pods Manifest.lock";
			outputPaths = (
			);
			runOnlyForDeploymentPostprocessing = 0;
			shellPath = /bin/sh;
			shellScript = "diff \"${PODS_ROOT}/../Podfile.lock\" \"${PODS_ROOT}/Manifest.lock\" > /dev/null\nif [ $? != 0 ] ; then\n    # print error to STDERR\n    echo \"error: The sandbox is not in sync with the Podfile.lock. Run 'pod install' or update your CocoaPods installation.\" >&2\n    exit 1\nfi\n";
			showEnvVarsInLog = 0;
		};
		B58A72B3676B7D716FBDA921 /* [CP] Check Pods Manifest.lock */ = {
			isa = PBXShellScriptBuildPhase;
			buildActionMask = 2147483647;
			files = (
			);
			inputPaths = (
			);
			name = "[CP] Check Pods Manifest.lock";
			outputPaths = (
			);
			runOnlyForDeploymentPostprocessing = 0;
			shellPath = /bin/sh;
			shellScript = "diff \"${PODS_ROOT}/../Podfile.lock\" \"${PODS_ROOT}/Manifest.lock\" > /dev/null\nif [ $? != 0 ] ; then\n    # print error to STDERR\n    echo \"error: The sandbox is not in sync with the Podfile.lock. Run 'pod install' or update your CocoaPods installation.\" >&2\n    exit 1\nfi\n";
			showEnvVarsInLog = 0;
		};
		BAE7A2EF36F404874EE140D6 /* [CP] Copy Pods Resources */ = {
			isa = PBXShellScriptBuildPhase;
			buildActionMask = 2147483647;
			files = (
			);
			inputPaths = (
			);
			name = "[CP] Copy Pods Resources";
			outputPaths = (
			);
			runOnlyForDeploymentPostprocessing = 0;
			shellPath = /bin/sh;
			shellScript = "\"${SRCROOT}/Pods/Target Support Files/Pods-DriverEpochTests/Pods-DriverEpochTests-resources.sh\"\n";
			showEnvVarsInLog = 0;
		};
		C40395A09547E0C59E6029A5 /* [CP] Embed Pods Frameworks */ = {
			isa = PBXShellScriptBuildPhase;
			buildActionMask = 2147483647;
			files = (
			);
			inputPaths = (
			);
			name = "[CP] Embed Pods Frameworks";
			outputPaths = (
			);
			runOnlyForDeploymentPostprocessing = 0;
			shellPath = /bin/sh;
			shellScript = "\"${SRCROOT}/Pods/Target Support Files/Pods-DriverEpochUITests/Pods-DriverEpochUITests-frameworks.sh\"\n";
			showEnvVarsInLog = 0;
		};
		F81E272CE6D1FB4C8F0D3AB5 /* [CP] Embed Pods Frameworks */ = {
			isa = PBXShellScriptBuildPhase;
			buildActionMask = 2147483647;
			files = (
			);
			inputPaths = (
			);
			name = "[CP] Embed Pods Frameworks";
			outputPaths = (
			);
			runOnlyForDeploymentPostprocessing = 0;
			shellPath = /bin/sh;
			shellScript = "\"${SRCROOT}/Pods/Target Support Files/Pods-DriverEpochTests/Pods-DriverEpochTests-frameworks.sh\"\n";
			showEnvVarsInLog = 0;
		};
/* End PBXShellScriptBuildPhase section */

/* Begin PBXSourcesBuildPhase section */
		4E10ABB31E71339F00BCF21B /* Sources */ = {
			isa = PBXSourcesBuildPhase;
			buildActionMask = 2147483647;
			files = (
				08FC692B1E7418CA00D79F18 /* DERegisterViewController.m in Sources */,
				4E10ABF31E713E7300BCF21B /* DENavigationController.m in Sources */,
				082DBD181ED1F4AE00CD7814 /* OrderCell.m in Sources */,
				4E10ABBF1E71339F00BCF21B /* AppDelegate.m in Sources */,
				4E10ABEF1E713DE700BCF21B /* DETabBarController.m in Sources */,
				082DBD1D1ED1FE0A00CD7814 /* PointsController.m in Sources */,
				4E10ABF61E7143C200BCF21B /* DEViewController.m in Sources */,
				082DBD121ED1E53800CD7814 /* PlaceCell.m in Sources */,
				08A13D3D1EA3AE650054C8C4 /* InfoCell.m in Sources */,
				08A9F9341EB3AC3A0039E381 /* AffairListCell.m in Sources */,
				4E10ABFD1E71457C00BCF21B /* DrivingViewController.m in Sources */,
				08A13D431EA3B1D10054C8C4 /* InfoHeadCell.m in Sources */,
				4E10AC001E71458D00BCF21B /* InfoViewController.m in Sources */,
				08A0C43A1EB5A1000082C079 /* DEPOIViewController.m in Sources */,
				08FC692E1E7418D800D79F18 /* DELoginViewController.m in Sources */,
				08A0C4471EB65AB60082C079 /* NaviController.m in Sources */,
				082DBD0A1ED19F1000CD7814 /* EditInfoController.m in Sources */,
				4E10AC031E71459900BCF21B /* MeViewController.m in Sources */,
				08339E151E7560BA005DABBA /* DrivingCollectionViewCell.m in Sources */,
				082DBD0D1ED1DCE300CD7814 /* HistoryPlacesController.m in Sources */,
				08028B8C1ED0437D0060A7F1 /* UserViewController.m in Sources */,
				4E10ABBC1E71339F00BCF21B /* main.m in Sources */,
				4E10AC071E71569400BCF21B /* DrivingTopView.m in Sources */,
				4E10AC0A1E724CD900BCF21B /* LocationViewController.m in Sources */,
				08A0C43D1EB5A9200082C079 /* DEPOICell.m in Sources */,
				08A45B6F1ECDC1A400DC8E8E /* DateController.m in Sources */,
				08A0C4441EB61D060082C079 /* WeatherController.m in Sources */,
				08A13D401EA3B0490054C8C4 /* InfoDetailController.m in Sources */,
				082DBD151ED1F2F800CD7814 /* OrdersController.m in Sources */,
			);
			runOnlyForDeploymentPostprocessing = 0;
		};
		4E10ABCC1E71339F00BCF21B /* Sources */ = {
			isa = PBXSourcesBuildPhase;
			buildActionMask = 2147483647;
			files = (
			);
			runOnlyForDeploymentPostprocessing = 0;
		};
		4E10ABD71E71339F00BCF21B /* Sources */ = {
			isa = PBXSourcesBuildPhase;
			buildActionMask = 2147483647;
			files = (
			);
			runOnlyForDeploymentPostprocessing = 0;
		};
/* End PBXSourcesBuildPhase section */

/* Begin PBXTargetDependency section */
		4E10ABD21E71339F00BCF21B /* PBXTargetDependency */ = {
			isa = PBXTargetDependency;
			target = 4E10ABB61E71339F00BCF21B /* DriverEpoch */;
			targetProxy = 4E10ABD11E71339F00BCF21B /* PBXContainerItemProxy */;
		};
		4E10ABDD1E71339F00BCF21B /* PBXTargetDependency */ = {
			isa = PBXTargetDependency;
			target = 4E10ABB61E71339F00BCF21B /* DriverEpoch */;
			targetProxy = 4E10ABDC1E71339F00BCF21B /* PBXContainerItemProxy */;
		};
/* End PBXTargetDependency section */

/* Begin PBXVariantGroup section */
		4E10ABC81E71339F00BCF21B /* LaunchScreen.storyboard */ = {
			isa = PBXVariantGroup;
			children = (
				4E10ABC91E71339F00BCF21B /* Base */,
			);
			name = LaunchScreen.storyboard;
			sourceTree = "<group>";
		};
/* End PBXVariantGroup section */

/* Begin XCBuildConfiguration section */
		4E10ABE21E71339F00BCF21B /* Debug */ = {
			isa = XCBuildConfiguration;
			buildSettings = {
				ALWAYS_SEARCH_USER_PATHS = NO;
				CLANG_ANALYZER_NONNULL = YES;
				CLANG_CXX_LANGUAGE_STANDARD = "gnu++0x";
				CLANG_CXX_LIBRARY = "libc++";
				CLANG_ENABLE_MODULES = YES;
				CLANG_ENABLE_OBJC_ARC = YES;
				CLANG_WARN_BOOL_CONVERSION = YES;
				CLANG_WARN_CONSTANT_CONVERSION = YES;
				CLANG_WARN_DIRECT_OBJC_ISA_USAGE = YES_ERROR;
				CLANG_WARN_DOCUMENTATION_COMMENTS = YES;
				CLANG_WARN_EMPTY_BODY = YES;
				CLANG_WARN_ENUM_CONVERSION = YES;
				CLANG_WARN_INFINITE_RECURSION = YES;
				CLANG_WARN_INT_CONVERSION = YES;
				CLANG_WARN_OBJC_ROOT_CLASS = YES_ERROR;
				CLANG_WARN_SUSPICIOUS_MOVE = YES;
				CLANG_WARN_UNREACHABLE_CODE = YES;
				CLANG_WARN__DUPLICATE_METHOD_MATCH = YES;
				"CODE_SIGN_IDENTITY[sdk=iphoneos*]" = "iPhone Developer";
				COPY_PHASE_STRIP = NO;
				DEBUG_INFORMATION_FORMAT = dwarf;
				ENABLE_STRICT_OBJC_MSGSEND = YES;
				ENABLE_TESTABILITY = YES;
				GCC_C_LANGUAGE_STANDARD = gnu99;
				GCC_DYNAMIC_NO_PIC = NO;
				GCC_NO_COMMON_BLOCKS = YES;
				GCC_OPTIMIZATION_LEVEL = 0;
				GCC_PRECOMPILE_PREFIX_HEADER = YES;
				GCC_PREFIX_HEADER = /Users/qitmac000085/Desktop/DriverEpoch/DriverEpoch/PrefixHeader.pch;
				GCC_PREPROCESSOR_DEFINITIONS = (
					"DEBUG=1",
					"$(inherited)",
				);
				GCC_WARN_64_TO_32_BIT_CONVERSION = YES;
				GCC_WARN_ABOUT_RETURN_TYPE = YES_ERROR;
				GCC_WARN_UNDECLARED_SELECTOR = YES;
				GCC_WARN_UNINITIALIZED_AUTOS = YES_AGGRESSIVE;
				GCC_WARN_UNUSED_FUNCTION = YES;
				GCC_WARN_UNUSED_VARIABLE = YES;
				IPHONEOS_DEPLOYMENT_TARGET = 10.2;
				MTL_ENABLE_DEBUG_INFO = YES;
				ONLY_ACTIVE_ARCH = YES;
				SDKROOT = iphoneos;
				TARGETED_DEVICE_FAMILY = "1,2";
			};
			name = Debug;
		};
		4E10ABE31E71339F00BCF21B /* Release */ = {
			isa = XCBuildConfiguration;
			buildSettings = {
				ALWAYS_SEARCH_USER_PATHS = NO;
				CLANG_ANALYZER_NONNULL = YES;
				CLANG_CXX_LANGUAGE_STANDARD = "gnu++0x";
				CLANG_CXX_LIBRARY = "libc++";
				CLANG_ENABLE_MODULES = YES;
				CLANG_ENABLE_OBJC_ARC = YES;
				CLANG_WARN_BOOL_CONVERSION = YES;
				CLANG_WARN_CONSTANT_CONVERSION = YES;
				CLANG_WARN_DIRECT_OBJC_ISA_USAGE = YES_ERROR;
				CLANG_WARN_DOCUMENTATION_COMMENTS = YES;
				CLANG_WARN_EMPTY_BODY = YES;
				CLANG_WARN_ENUM_CONVERSION = YES;
				CLANG_WARN_INFINITE_RECURSION = YES;
				CLANG_WARN_INT_CONVERSION = YES;
				CLANG_WARN_OBJC_ROOT_CLASS = YES_ERROR;
				CLANG_WARN_SUSPICIOUS_MOVE = YES;
				CLANG_WARN_UNREACHABLE_CODE = YES;
				CLANG_WARN__DUPLICATE_METHOD_MATCH = YES;
				"CODE_SIGN_IDENTITY[sdk=iphoneos*]" = "iPhone Developer";
				COPY_PHASE_STRIP = NO;
				DEBUG_INFORMATION_FORMAT = "dwarf-with-dsym";
				ENABLE_NS_ASSERTIONS = NO;
				ENABLE_STRICT_OBJC_MSGSEND = YES;
				GCC_C_LANGUAGE_STANDARD = gnu99;
				GCC_NO_COMMON_BLOCKS = YES;
				GCC_PRECOMPILE_PREFIX_HEADER = YES;
				GCC_PREFIX_HEADER = /Users/qitmac000085/Desktop/DriverEpoch/DriverEpoch/PrefixHeader.pch;
				GCC_WARN_64_TO_32_BIT_CONVERSION = YES;
				GCC_WARN_ABOUT_RETURN_TYPE = YES_ERROR;
				GCC_WARN_UNDECLARED_SELECTOR = YES;
				GCC_WARN_UNINITIALIZED_AUTOS = YES_AGGRESSIVE;
				GCC_WARN_UNUSED_FUNCTION = YES;
				GCC_WARN_UNUSED_VARIABLE = YES;
				IPHONEOS_DEPLOYMENT_TARGET = 10.2;
				MTL_ENABLE_DEBUG_INFO = NO;
				SDKROOT = iphoneos;
				TARGETED_DEVICE_FAMILY = "1,2";
				VALIDATE_PRODUCT = YES;
			};
			name = Release;
		};
		4E10ABE51E71339F00BCF21B /* Debug */ = {
			isa = XCBuildConfiguration;
			baseConfigurationReference = BC505DE0BB4EB00E1664063D /* Pods-DriverEpoch.debug.xcconfig */;
			buildSettings = {
				ASSETCATALOG_COMPILER_APPICON_NAME = AppIcon;
				"CODE_SIGN_IDENTITY[sdk=iphoneos*]" = "iPhone Developer";
				DEVELOPMENT_TEAM = V2GC55R3DL;
				GCC_PREFIX_HEADER = /Users/LY/Desktop/DriverEpoch/DriverEpoch/PrefixHeader.pch;
				INFOPLIST_FILE = DriverEpoch/Info.plist;
				IPHONEOS_DEPLOYMENT_TARGET = 9.2;
				LD_RUNPATH_SEARCH_PATHS = "$(inherited) @executable_path/Frameworks";
				PRODUCT_BUNDLE_IDENTIFIER = "http---halohily.com.DriverEpoch";
				PRODUCT_NAME = "$(TARGET_NAME)";
				USER_HEADER_SEARCH_PATHS = "${SRCROOT}/**";
			};
			name = Debug;
		};
		4E10ABE61E71339F00BCF21B /* Release */ = {
			isa = XCBuildConfiguration;
			baseConfigurationReference = C627575FC3CCEE6550CECB13 /* Pods-DriverEpoch.release.xcconfig */;
			buildSettings = {
				ASSETCATALOG_COMPILER_APPICON_NAME = AppIcon;
				"CODE_SIGN_IDENTITY[sdk=iphoneos*]" = "iPhone Developer";
				DEVELOPMENT_TEAM = V2GC55R3DL;
				GCC_PREFIX_HEADER = /Users/LY/Desktop/DriverEpoch/DriverEpoch/PrefixHeader.pch;
				INFOPLIST_FILE = DriverEpoch/Info.plist;
				IPHONEOS_DEPLOYMENT_TARGET = 9.2;
				LD_RUNPATH_SEARCH_PATHS = "$(inherited) @executable_path/Frameworks";
				PRODUCT_BUNDLE_IDENTIFIER = "http---halohily.com.DriverEpoch";
				PRODUCT_NAME = "$(TARGET_NAME)";
				USER_HEADER_SEARCH_PATHS = "${SRCROOT}/**";
			};
			name = Release;
		};
		4E10ABE81E71339F00BCF21B /* Debug */ = {
			isa = XCBuildConfiguration;
			baseConfigurationReference = DB8598C64748D2810126E6F3 /* Pods-DriverEpochTests.debug.xcconfig */;
			buildSettings = {
				BUNDLE_LOADER = "$(TEST_HOST)";
				DEVELOPMENT_TEAM = V2GC55R3DL;
				INFOPLIST_FILE = DriverEpochTests/Info.plist;
				LD_RUNPATH_SEARCH_PATHS = "$(inherited) @executable_path/Frameworks @loader_path/Frameworks";
				PRODUCT_BUNDLE_IDENTIFIER = "http---halohily.com.DriverEpochTests";
				PRODUCT_NAME = "$(TARGET_NAME)";
				TEST_HOST = "$(BUILT_PRODUCTS_DIR)/DriverEpoch.app/DriverEpoch";
			};
			name = Debug;
		};
		4E10ABE91E71339F00BCF21B /* Release */ = {
			isa = XCBuildConfiguration;
			baseConfigurationReference = 4346EAE266E0B06C72EE4F08 /* Pods-DriverEpochTests.release.xcconfig */;
			buildSettings = {
				BUNDLE_LOADER = "$(TEST_HOST)";
				DEVELOPMENT_TEAM = V2GC55R3DL;
				INFOPLIST_FILE = DriverEpochTests/Info.plist;
				LD_RUNPATH_SEARCH_PATHS = "$(inherited) @executable_path/Frameworks @loader_path/Frameworks";
				PRODUCT_BUNDLE_IDENTIFIER = "http---halohily.com.DriverEpochTests";
				PRODUCT_NAME = "$(TARGET_NAME)";
				TEST_HOST = "$(BUILT_PRODUCTS_DIR)/DriverEpoch.app/DriverEpoch";
			};
			name = Release;
		};
		4E10ABEB1E71339F00BCF21B /* Debug */ = {
			isa = XCBuildConfiguration;
			baseConfigurationReference = 07E84A4D0C8B24972A963A8B /* Pods-DriverEpochUITests.debug.xcconfig */;
			buildSettings = {
				DEVELOPMENT_TEAM = V2GC55R3DL;
				INFOPLIST_FILE = DriverEpochUITests/Info.plist;
				LD_RUNPATH_SEARCH_PATHS = "$(inherited) @executable_path/Frameworks @loader_path/Frameworks";
				PRODUCT_BUNDLE_IDENTIFIER = "http---halohily.com.DriverEpochUITests";
				PRODUCT_NAME = "$(TARGET_NAME)";
				TEST_TARGET_NAME = DriverEpoch;
			};
			name = Debug;
		};
		4E10ABEC1E71339F00BCF21B /* Release */ = {
			isa = XCBuildConfiguration;
			baseConfigurationReference = 758D4F97A52E549ACB3B54A7 /* Pods-DriverEpochUITests.release.xcconfig */;
			buildSettings = {
				DEVELOPMENT_TEAM = V2GC55R3DL;
				INFOPLIST_FILE = DriverEpochUITests/Info.plist;
				LD_RUNPATH_SEARCH_PATHS = "$(inherited) @executable_path/Frameworks @loader_path/Frameworks";
				PRODUCT_BUNDLE_IDENTIFIER = "http---halohily.com.DriverEpochUITests";
				PRODUCT_NAME = "$(TARGET_NAME)";
				TEST_TARGET_NAME = DriverEpoch;
			};
			name = Release;
		};
/* End XCBuildConfiguration section */

/* Begin XCConfigurationList section */
		4E10ABB21E71339F00BCF21B /* Build configuration list for PBXProject "DriverEpoch" */ = {
			isa = XCConfigurationList;
			buildConfigurations = (
				4E10ABE21E71339F00BCF21B /* Debug */,
				4E10ABE31E71339F00BCF21B /* Release */,
			);
			defaultConfigurationIsVisible = 0;
			defaultConfigurationName = Release;
		};
		4E10ABE41E71339F00BCF21B /* Build configuration list for PBXNativeTarget "DriverEpoch" */ = {
			isa = XCConfigurationList;
			buildConfigurations = (
				4E10ABE51E71339F00BCF21B /* Debug */,
				4E10ABE61E71339F00BCF21B /* Release */,
			);
			defaultConfigurationIsVisible = 0;
			defaultConfigurationName = Release;
		};
		4E10ABE71E71339F00BCF21B /* Build configuration list for PBXNativeTarget "DriverEpochTests" */ = {
			isa = XCConfigurationList;
			buildConfigurations = (
				4E10ABE81E71339F00BCF21B /* Debug */,
				4E10ABE91E71339F00BCF21B /* Release */,
			);
			defaultConfigurationIsVisible = 0;
			defaultConfigurationName = Release;
		};
		4E10ABEA1E71339F00BCF21B /* Build configuration list for PBXNativeTarget "DriverEpochUITests" */ = {
			isa = XCConfigurationList;
			buildConfigurations = (
				4E10ABEB1E71339F00BCF21B /* Debug */,
				4E10ABEC1E71339F00BCF21B /* Release */,
			);
			defaultConfigurationIsVisible = 0;
			defaultConfigurationName = Release;
		};
/* End XCConfigurationList section */
	};
	rootObject = 4E10ABAF1E71339F00BCF21B /* Project object */;
}
