// !$*UTF8*$!
{
	archiveVersion = 1;
	classes = {
	};
	objectVersion = 46;
	objects = {

/* Begin PBXBuildFile section */
		4E10ABBC1E71339F00BCF21B /* main.m in Sources */ = {isa = PBXBuildFile; fileRef = 4E10ABBB1E71339F00BCF21B /* main.m */; };
		4E10ABBF1E71339F00BCF21B /* AppDelegate.m in Sources */ = {isa = PBXBuildFile; fileRef = 4E10ABBE1E71339F00BCF21B /* AppDelegate.m */; };
		4E10ABC71E71339F00BCF21B /* Assets.xcassets in Resources */ = {isa = PBXBuildFile; fileRef = 4E10ABC61E71339F00BCF21B /* Assets.xcassets */; };
		4E10ABCA1E71339F00BCF21B /* LaunchScreen.storyboard in Resources */ = {isa = PBXBuildFile; fileRef = 4E10ABC81E71339F00BCF21B /* LaunchScreen.storyboard */; };
		4E10ABD51E71339F00BCF21B /* DriverEpochTests.m in Sources */ = {isa = PBXBuildFile; fileRef = 4E10ABD41E71339F00BCF21B /* DriverEpochTests.m */; };
		4E10ABE01E71339F00BCF21B /* DriverEpochUITests.m in Sources */ = {isa = PBXBuildFile; fileRef = 4E10ABDF1E71339F00BCF21B /* DriverEpochUITests.m */; };
		4E10ABEF1E713DE700BCF21B /* DETabBarController.m in Sources */ = {isa = PBXBuildFile; fileRef = 4E10ABEE1E713DE700BCF21B /* DETabBarController.m */; };
		4E10ABF31E713E7300BCF21B /* DENavigationController.m in Sources */ = {isa = PBXBuildFile; fileRef = 4E10ABF21E713E7300BCF21B /* DENavigationController.m */; };
		4E10ABF61E7143C200BCF21B /* DEViewController.m in Sources */ = {isa = PBXBuildFile; fileRef = 4E10ABF51E7143C200BCF21B /* DEViewController.m */; };
		4E10ABFD1E71457C00BCF21B /* DrivingViewController.m in Sources */ = {isa = PBXBuildFile; fileRef = 4E10ABFC1E71457C00BCF21B /* DrivingViewController.m */; };
		4E10AC001E71458D00BCF21B /* InfoViewController.m in Sources */ = {isa = PBXBuildFile; fileRef = 4E10ABFF1E71458D00BCF21B /* InfoViewController.m */; };
		4E10AC031E71459900BCF21B /* MeViewController.m in Sources */ = {isa = PBXBuildFile; fileRef = 4E10AC021E71459900BCF21B /* MeViewController.m */; };
		4E10AC071E71569400BCF21B /* DrivingTopView.m in Sources */ = {isa = PBXBuildFile; fileRef = 4E10AC061E71569400BCF21B /* DrivingTopView.m */; };
/* End PBXBuildFile section */

/* Begin PBXContainerItemProxy section */
		4E10ABD11E71339F00BCF21B /* PBXContainerItemProxy */ = {
			isa = PBXContainerItemProxy;
			containerPortal = 4E10ABAF1E71339F00BCF21B /* Project object */;
			proxyType = 1;
			remoteGlobalIDString = 4E10ABB61E71339F00BCF21B;
			remoteInfo = DriverEpoch;
		};
		4E10ABDC1E71339F00BCF21B /* PBXContainerItemProxy */ = {
			isa = PBXContainerItemProxy;
			containerPortal = 4E10ABAF1E71339F00BCF21B /* Project object */;
			proxyType = 1;
			remoteGlobalIDString = 4E10ABB61E71339F00BCF21B;
			remoteInfo = DriverEpoch;
		};
/* End PBXContainerItemProxy section */

/* Begin PBXFileReference section */
		4E10ABB71E71339F00BCF21B /* DriverEpoch.app */ = {isa = PBXFileReference; explicitFileType = wrapper.application; includeInIndex = 0; path = DriverEpoch.app; sourceTree = BUILT_PRODUCTS_DIR; };
		4E10ABBB1E71339F00BCF21B /* main.m */ = {isa = PBXFileReference; lastKnownFileType = sourcecode.c.objc; path = main.m; sourceTree = "<group>"; };
		4E10ABBD1E71339F00BCF21B /* AppDelegate.h */ = {isa = PBXFileReference; lastKnownFileType = sourcecode.c.h; path = AppDelegate.h; sourceTree = "<group>"; };
		4E10ABBE1E71339F00BCF21B /* AppDelegate.m */ = {isa = PBXFileReference; lastKnownFileType = sourcecode.c.objc; path = AppDelegate.m; sourceTree = "<group>"; };
		4E10ABC61E71339F00BCF21B /* Assets.xcassets */ = {isa = PBXFileReference; lastKnownFileType = folder.assetcatalog; path = Assets.xcassets; sourceTree = "<group>"; };
		4E10ABC91E71339F00BCF21B /* Base */ = {isa = PBXFileReference; lastKnownFileType = file.storyboard; name = Base; path = Base.lproj/LaunchScreen.storyboard; sourceTree = "<group>"; };
		4E10ABCB1E71339F00BCF21B /* Info.plist */ = {isa = PBXFileReference; lastKnownFileType = text.plist.xml; path = Info.plist; sourceTree = "<group>"; };
		4E10ABD01E71339F00BCF21B /* DriverEpochTests.xctest */ = {isa = PBXFileReference; explicitFileType = wrapper.cfbundle; includeInIndex = 0; path = DriverEpochTests.xctest; sourceTree = BUILT_PRODUCTS_DIR; };
		4E10ABD41E71339F00BCF21B /* DriverEpochTests.m */ = {isa = PBXFileReference; lastKnownFileType = sourcecode.c.objc; path = DriverEpochTests.m; sourceTree = "<group>"; };
		4E10ABD61E71339F00BCF21B /* Info.plist */ = {isa = PBXFileReference; lastKnownFileType = text.plist.xml; path = Info.plist; sourceTree = "<group>"; };
		4E10ABDB1E71339F00BCF21B /* DriverEpochUITests.xctest */ = {isa = PBXFileReference; explicitFileType = wrapper.cfbundle; includeInIndex = 0; path = DriverEpochUITests.xctest; sourceTree = BUILT_PRODUCTS_DIR; };
		4E10ABDF1E71339F00BCF21B /* DriverEpochUITests.m */ = {isa = PBXFileReference; lastKnownFileType = sourcecode.c.objc; path = DriverEpochUITests.m; sourceTree = "<group>"; };
		4E10ABE11E71339F00BCF21B /* Info.plist */ = {isa = PBXFileReference; lastKnownFileType = text.plist.xml; path = Info.plist; sourceTree = "<group>"; };
		4E10ABED1E713DE700BCF21B /* DETabBarController.h */ = {isa = PBXFileReference; fileEncoding = 4; lastKnownFileType = sourcecode.c.h; path = DETabBarController.h; sourceTree = "<group>"; };
		4E10ABEE1E713DE700BCF21B /* DETabBarController.m */ = {isa = PBXFileReference; fileEncoding = 4; lastKnownFileType = sourcecode.c.objc; path = DETabBarController.m; sourceTree = "<group>"; };
		4E10ABF11E713E7300BCF21B /* DENavigationController.h */ = {isa = PBXFileReference; fileEncoding = 4; lastKnownFileType = sourcecode.c.h; path = DENavigationController.h; sourceTree = "<group>"; };
		4E10ABF21E713E7300BCF21B /* DENavigationController.m */ = {isa = PBXFileReference; fileEncoding = 4; lastKnownFileType = sourcecode.c.objc; path = DENavigationController.m; sourceTree = "<group>"; };
		4E10ABF41E7143C200BCF21B /* DEViewController.h */ = {isa = PBXFileReference; fileEncoding = 4; lastKnownFileType = sourcecode.c.h; path = DEViewController.h; sourceTree = "<group>"; };
		4E10ABF51E7143C200BCF21B /* DEViewController.m */ = {isa = PBXFileReference; fileEncoding = 4; lastKnownFileType = sourcecode.c.objc; path = DEViewController.m; sourceTree = "<group>"; };
		4E10ABFB1E71457C00BCF21B /* DrivingViewController.h */ = {isa = PBXFileReference; fileEncoding = 4; lastKnownFileType = sourcecode.c.h; path = DrivingViewController.h; sourceTree = "<group>"; };
		4E10ABFC1E71457C00BCF21B /* DrivingViewController.m */ = {isa = PBXFileReference; fileEncoding = 4; lastKnownFileType = sourcecode.c.objc; path = DrivingViewController.m; sourceTree = "<group>"; };
		4E10ABFE1E71458D00BCF21B /* InfoViewController.h */ = {isa = PBXFileReference; fileEncoding = 4; lastKnownFileType = sourcecode.c.h; path = InfoViewController.h; sourceTree = "<group>"; };
		4E10ABFF1E71458D00BCF21B /* InfoViewController.m */ = {isa = PBXFileReference; fileEncoding = 4; lastKnownFileType = sourcecode.c.objc; path = InfoViewController.m; sourceTree = "<group>"; };
		4E10AC011E71459900BCF21B /* MeViewController.h */ = {isa = PBXFileReference; fileEncoding = 4; lastKnownFileType = sourcecode.c.h; path = MeViewController.h; sourceTree = "<group>"; };
		4E10AC021E71459900BCF21B /* MeViewController.m */ = {isa = PBXFileReference; fileEncoding = 4; lastKnownFileType = sourcecode.c.objc; path = MeViewController.m; sourceTree = "<group>"; };
		4E10AC041E714FA700BCF21B /* PrefixHeader.pch */ = {isa = PBXFileReference; lastKnownFileType = sourcecode.c.h; path = PrefixHeader.pch; sourceTree = "<group>"; };
		4E10AC051E71569400BCF21B /* DrivingTopView.h */ = {isa = PBXFileReference; fileEncoding = 4; lastKnownFileType = sourcecode.c.h; path = DrivingTopView.h; sourceTree = "<group>"; };
		4E10AC061E71569400BCF21B /* DrivingTopView.m */ = {isa = PBXFileReference; fileEncoding = 4; lastKnownFileType = sourcecode.c.objc; path = DrivingTopView.m; sourceTree = "<group>"; };
/* End PBXFileReference section */

/* Begin PBXFrameworksBuildPhase section */
		4E10ABB41E71339F00BCF21B /* Frameworks */ = {
			isa = PBXFrameworksBuildPhase;
			buildActionMask = 2147483647;
			files = (
			);
			runOnlyForDeploymentPostprocessing = 0;
		};
		4E10ABCD1E71339F00BCF21B /* Frameworks */ = {
			isa = PBXFrameworksBuildPhase;
			buildActionMask = 2147483647;
			files = (
			);
			runOnlyForDeploymentPostprocessing = 0;
		};
		4E10ABD81E71339F00BCF21B /* Frameworks */ = {
			isa = PBXFrameworksBuildPhase;
			buildActionMask = 2147483647;
			files = (
			);
			runOnlyForDeploymentPostprocessing = 0;
		};
/* End PBXFrameworksBuildPhase section */

/* Begin PBXGroup section */
		4E10ABAE1E71339F00BCF21B = {
			isa = PBXGroup;
			children = (
				4E10ABB91E71339F00BCF21B /* DriverEpoch */,
				4E10ABD31E71339F00BCF21B /* DriverEpochTests */,
				4E10ABDE1E71339F00BCF21B /* DriverEpochUITests */,
				4E10ABB81E71339F00BCF21B /* Products */,
			);
			sourceTree = "<group>";
		};
		4E10ABB81E71339F00BCF21B /* Products */ = {
			isa = PBXGroup;
			children = (
				4E10ABB71E71339F00BCF21B /* DriverEpoch.app */,
				4E10ABD01E71339F00BCF21B /* DriverEpochTests.xctest */,
				4E10ABDB1E71339F00BCF21B /* DriverEpochUITests.xctest */,
			);
			name = Products;
			sourceTree = "<group>";
		};
		4E10ABB91E71339F00BCF21B /* DriverEpoch */ = {
			isa = PBXGroup;
			children = (
				4E10ABF01E713E0200BCF21B /* Main */,
				4E10ABF81E71450500BCF21B /* Driving */,
				4E10ABF91E71452700BCF21B /* Information */,
				4E10ABFA1E71454400BCF21B /* Me */,
				4E10ABC61E71339F00BCF21B /* Assets.xcassets */,
				4E10ABC81E71339F00BCF21B /* LaunchScreen.storyboard */,
				4E10ABCB1E71339F00BCF21B /* Info.plist */,
				4E10ABBA1E71339F00BCF21B /* Supporting Files */,
			);
			path = DriverEpoch;
			sourceTree = "<group>";
		};
		4E10ABBA1E71339F00BCF21B /* Supporting Files */ = {
			isa = PBXGroup;
			children = (
				4E10ABBB1E71339F00BCF21B /* main.m */,
				4E10AC041E714FA700BCF21B /* PrefixHeader.pch */,
			);
			name = "Supporting Files";
			sourceTree = "<group>";
		};
		4E10ABD31E71339F00BCF21B /* DriverEpochTests */ = {
			isa = PBXGroup;
			children = (
				4E10ABD41E71339F00BCF21B /* DriverEpochTests.m */,
				4E10ABD61E71339F00BCF21B /* Info.plist */,
			);
			path = DriverEpochTests;
			sourceTree = "<group>";
		};
		4E10ABDE1E71339F00BCF21B /* DriverEpochUITests */ = {
			isa = PBXGroup;
			children = (
				4E10ABDF1E71339F00BCF21B /* DriverEpochUITests.m */,
				4E10ABE11E71339F00BCF21B /* Info.plist */,
			);
			path = DriverEpochUITests;
			sourceTree = "<group>";
		};
		4E10ABF01E713E0200BCF21B /* Main */ = {
			isa = PBXGroup;
			children = (
				4E10ABF41E7143C200BCF21B /* DEViewController.h */,
				4E10ABF51E7143C200BCF21B /* DEViewController.m */,
				4E10ABF11E713E7300BCF21B /* DENavigationController.h */,
				4E10ABF21E713E7300BCF21B /* DENavigationController.m */,
				4E10ABED1E713DE700BCF21B /* DETabBarController.h */,
				4E10ABEE1E713DE700BCF21B /* DETabBarController.m */,
				4E10ABBD1E71339F00BCF21B /* AppDelegate.h */,
				4E10ABBE1E71339F00BCF21B /* AppDelegate.m */,
			);
			name = Main;
			sourceTree = "<group>";
		};
		4E10ABF81E71450500BCF21B /* Driving */ = {
			isa = PBXGroup;
			children = (
				4E10ABFB1E71457C00BCF21B /* DrivingViewController.h */,
				4E10ABFC1E71457C00BCF21B /* DrivingViewController.m */,
				4E10AC051E71569400BCF21B /* DrivingTopView.h */,
				4E10AC061E71569400BCF21B /* DrivingTopView.m */,
			);
			name = Driving;
			sourceTree = "<group>";
		};
		4E10ABF91E71452700BCF21B /* Information */ = {
			isa = PBXGroup;
			children = (
				4E10ABFE1E71458D00BCF21B /* InfoViewController.h */,
				4E10ABFF1E71458D00BCF21B /* InfoViewController.m */,
			);
			name = Information;
			sourceTree = "<group>";
		};
		4E10ABFA1E71454400BCF21B /* Me */ = {
			isa = PBXGroup;
			children = (
				4E10AC011E71459900BCF21B /* MeViewController.h */,
				4E10AC021E71459900BCF21B /* MeViewController.m */,
			);
			name = Me;
			sourceTree = "<group>";
		};
/* End PBXGroup section */

/* Begin PBXNativeTarget section */
		4E10ABB61E71339F00BCF21B /* DriverEpoch */ = {
			isa = PBXNativeTarget;
			buildConfigurationList = 4E10ABE41E71339F00BCF21B /* Build configuration list for PBXNativeTarget "DriverEpoch" */;
			buildPhases = (
				4E10ABB31E71339F00BCF21B /* Sources */,
				4E10ABB41E71339F00BCF21B /* Frameworks */,
				4E10ABB51E71339F00BCF21B /* Resources */,
			);
			buildRules = (
			);
			dependencies = (
			);
			name = DriverEpoch;
			productName = DriverEpoch;
			productReference = 4E10ABB71E71339F00BCF21B /* DriverEpoch.app */;
			productType = "com.apple.product-type.application";
		};
		4E10ABCF1E71339F00BCF21B /* DriverEpochTests */ = {
			isa = PBXNativeTarget;
			buildConfigurationList = 4E10ABE71E71339F00BCF21B /* Build configuration list for PBXNativeTarget "DriverEpochTests" */;
			buildPhases = (
				4E10ABCC1E71339F00BCF21B /* Sources */,
				4E10ABCD1E71339F00BCF21B /* Frameworks */,
				4E10ABCE1E71339F00BCF21B /* Resources */,
			);
			buildRules = (
			);
			dependencies = (
				4E10ABD21E71339F00BCF21B /* PBXTargetDependency */,
			);
			name = DriverEpochTests;
			productName = DriverEpochTests;
			productReference = 4E10ABD01E71339F00BCF21B /* DriverEpochTests.xctest */;
			productType = "com.apple.product-type.bundle.unit-test";
		};
		4E10ABDA1E71339F00BCF21B /* DriverEpochUITests */ = {
			isa = PBXNativeTarget;
			buildConfigurationList = 4E10ABEA1E71339F00BCF21B /* Build configuration list for PBXNativeTarget "DriverEpochUITests" */;
			buildPhases = (
				4E10ABD71E71339F00BCF21B /* Sources */,
				4E10ABD81E71339F00BCF21B /* Frameworks */,
				4E10ABD91E71339F00BCF21B /* Resources */,
			);
			buildRules = (
			);
			dependencies = (
				4E10ABDD1E71339F00BCF21B /* PBXTargetDependency */,
			);
			name = DriverEpochUITests;
			productName = DriverEpochUITests;
			productReference = 4E10ABDB1E71339F00BCF21B /* DriverEpochUITests.xctest */;
			productType = "com.apple.product-type.bundle.ui-testing";
		};
/* End PBXNativeTarget section */

/* Begin PBXProject section */
		4E10ABAF1E71339F00BCF21B /* Project object */ = {
			isa = PBXProject;
			attributes = {
				LastUpgradeCheck = 0820;
				ORGANIZATIONNAME = "http://halohily.com";
				TargetAttributes = {
					4E10ABB61E71339F00BCF21B = {
						CreatedOnToolsVersion = 8.2.1;
						DevelopmentTeam = V2GC55R3DL;
						ProvisioningStyle = Automatic;
					};
					4E10ABCF1E71339F00BCF21B = {
						CreatedOnToolsVersion = 8.2.1;
						DevelopmentTeam = V2GC55R3DL;
						ProvisioningStyle = Automatic;
						TestTargetID = 4E10ABB61E71339F00BCF21B;
					};
					4E10ABDA1E71339F00BCF21B = {
						CreatedOnToolsVersion = 8.2.1;
						DevelopmentTeam = V2GC55R3DL;
						ProvisioningStyle = Automatic;
						TestTargetID = 4E10ABB61E71339F00BCF21B;
					};
				};
			};
			buildConfigurationList = 4E10ABB21E71339F00BCF21B /* Build configuration list for PBXProject "DriverEpoch" */;
			compatibilityVersion = "Xcode 3.2";
			developmentRegion = English;
			hasScannedForEncodings = 0;
			knownRegions = (
				en,
				Base,
			);
			mainGroup = 4E10ABAE1E71339F00BCF21B;
			productRefGroup = 4E10ABB81E71339F00BCF21B /* Products */;
			projectDirPath = "";
			projectRoot = "";
			targets = (
				4E10ABB61E71339F00BCF21B /* DriverEpoch */,
				4E10ABCF1E71339F00BCF21B /* DriverEpochTests */,
				4E10ABDA1E71339F00BCF21B /* DriverEpochUITests */,
			);
		};
/* End PBXProject section */

/* Begin PBXResourcesBuildPhase section */
		4E10ABB51E71339F00BCF21B /* Resources */ = {
			isa = PBXResourcesBuildPhase;
			buildActionMask = 2147483647;
			files = (
				4E10ABCA1E71339F00BCF21B /* LaunchScreen.storyboard in Resources */,
				4E10ABC71E71339F00BCF21B /* Assets.xcassets in Resources */,
			);
			runOnlyForDeploymentPostprocessing = 0;
		};
		4E10ABCE1E71339F00BCF21B /* Resources */ = {
			isa = PBXResourcesBuildPhase;
			buildActionMask = 2147483647;
			files = (
			);
			runOnlyForDeploymentPostprocessing = 0;
		};
		4E10ABD91E71339F00BCF21B /* Resources */ = {
			isa = PBXResourcesBuildPhase;
			buildActionMask = 2147483647;
			files = (
			);
			runOnlyForDeploymentPostprocessing = 0;
		};
/* End PBXResourcesBuildPhase section */

/* Begin PBXSourcesBuildPhase section */
		4E10ABB31E71339F00BCF21B /* Sources */ = {
			isa = PBXSourcesBuildPhase;
			buildActionMask = 2147483647;
			files = (
				4E10ABF31E713E7300BCF21B /* DENavigationController.m in Sources */,
				4E10ABBF1E71339F00BCF21B /* AppDelegate.m in Sources */,
				4E10ABEF1E713DE700BCF21B /* DETabBarController.m in Sources */,
				4E10ABF61E7143C200BCF21B /* DEViewController.m in Sources */,
				4E10ABFD1E71457C00BCF21B /* DrivingViewController.m in Sources */,
				4E10AC001E71458D00BCF21B /* InfoViewController.m in Sources */,
				4E10AC031E71459900BCF21B /* MeViewController.m in Sources */,
				4E10ABBC1E71339F00BCF21B /* main.m in Sources */,
				4E10AC071E71569400BCF21B /* DrivingTopView.m in Sources */,
			);
			runOnlyForDeploymentPostprocessing = 0;
		};
		4E10ABCC1E71339F00BCF21B /* Sources */ = {
			isa = PBXSourcesBuildPhase;
			buildActionMask = 2147483647;
			files = (
				4E10ABD51E71339F00BCF21B /* DriverEpochTests.m in Sources */,
			);
			runOnlyForDeploymentPostprocessing = 0;
		};
		4E10ABD71E71339F00BCF21B /* Sources */ = {
			isa = PBXSourcesBuildPhase;
			buildActionMask = 2147483647;
			files = (
				4E10ABE01E71339F00BCF21B /* DriverEpochUITests.m in Sources */,
			);
			runOnlyForDeploymentPostprocessing = 0;
		};
/* End PBXSourcesBuildPhase section */

/* Begin PBXTargetDependency section */
		4E10ABD21E71339F00BCF21B /* PBXTargetDependency */ = {
			isa = PBXTargetDependency;
			target = 4E10ABB61E71339F00BCF21B /* DriverEpoch */;
			targetProxy = 4E10ABD11E71339F00BCF21B /* PBXContainerItemProxy */;
		};
		4E10ABDD1E71339F00BCF21B /* PBXTargetDependency */ = {
			isa = PBXTargetDependency;
			target = 4E10ABB61E71339F00BCF21B /* DriverEpoch */;
			targetProxy = 4E10ABDC1E71339F00BCF21B /* PBXContainerItemProxy */;
		};
/* End PBXTargetDependency section */

/* Begin PBXVariantGroup section */
		4E10ABC81E71339F00BCF21B /* LaunchScreen.storyboard */ = {
			isa = PBXVariantGroup;
			children = (
				4E10ABC91E71339F00BCF21B /* Base */,
			);
			name = LaunchScreen.storyboard;
			sourceTree = "<group>";
		};
/* End PBXVariantGroup section */

/* Begin XCBuildConfiguration section */
		4E10ABE21E71339F00BCF21B /* Debug */ = {
			isa = XCBuildConfiguration;
			buildSettings = {
				ALWAYS_SEARCH_USER_PATHS = NO;
				CLANG_ANALYZER_NONNULL = YES;
				CLANG_CXX_LANGUAGE_STANDARD = "gnu++0x";
				CLANG_CXX_LIBRARY = "libc++";
				CLANG_ENABLE_MODULES = YES;
				CLANG_ENABLE_OBJC_ARC = YES;
				CLANG_WARN_BOOL_CONVERSION = YES;
				CLANG_WARN_CONSTANT_CONVERSION = YES;
				CLANG_WARN_DIRECT_OBJC_ISA_USAGE = YES_ERROR;
				CLANG_WARN_DOCUMENTATION_COMMENTS = YES;
				CLANG_WARN_EMPTY_BODY = YES;
				CLANG_WARN_ENUM_CONVERSION = YES;
				CLANG_WARN_INFINITE_RECURSION = YES;
				CLANG_WARN_INT_CONVERSION = YES;
				CLANG_WARN_OBJC_ROOT_CLASS = YES_ERROR;
				CLANG_WARN_SUSPICIOUS_MOVE = YES;
				CLANG_WARN_UNREACHABLE_CODE = YES;
				CLANG_WARN__DUPLICATE_METHOD_MATCH = YES;
				"CODE_SIGN_IDENTITY[sdk=iphoneos*]" = "iPhone Developer";
				COPY_PHASE_STRIP = NO;
				DEBUG_INFORMATION_FORMAT = dwarf;
				ENABLE_STRICT_OBJC_MSGSEND = YES;
				ENABLE_TESTABILITY = YES;
				GCC_C_LANGUAGE_STANDARD = gnu99;
				GCC_DYNAMIC_NO_PIC = NO;
				GCC_NO_COMMON_BLOCKS = YES;
				GCC_OPTIMIZATION_LEVEL = 0;
				GCC_PRECOMPILE_PREFIX_HEADER = YES;
				GCC_PREFIX_HEADER = /Users/qitmac000085/Desktop/DriverEpoch/DriverEpoch/PrefixHeader.pch;
				GCC_PREPROCESSOR_DEFINITIONS = (
					"DEBUG=1",
					"$(inherited)",
				);
				GCC_WARN_64_TO_32_BIT_CONVERSION = YES;
				GCC_WARN_ABOUT_RETURN_TYPE = YES_ERROR;
				GCC_WARN_UNDECLARED_SELECTOR = YES;
				GCC_WARN_UNINITIALIZED_AUTOS = YES_AGGRESSIVE;
				GCC_WARN_UNUSED_FUNCTION = YES;
				GCC_WARN_UNUSED_VARIABLE = YES;
				IPHONEOS_DEPLOYMENT_TARGET = 10.2;
				MTL_ENABLE_DEBUG_INFO = YES;
				ONLY_ACTIVE_ARCH = YES;
				SDKROOT = iphoneos;
				TARGETED_DEVICE_FAMILY = "1,2";
			};
			name = Debug;
		};
		4E10ABE31E71339F00BCF21B /* Release */ = {
			isa = XCBuildConfiguration;
			buildSettings = {
				ALWAYS_SEARCH_USER_PATHS = NO;
				CLANG_ANALYZER_NONNULL = YES;
				CLANG_CXX_LANGUAGE_STANDARD = "gnu++0x";
				CLANG_CXX_LIBRARY = "libc++";
				CLANG_ENABLE_MODULES = YES;
				CLANG_ENABLE_OBJC_ARC = YES;
				CLANG_WARN_BOOL_CONVERSION = YES;
				CLANG_WARN_CONSTANT_CONVERSION = YES;
				CLANG_WARN_DIRECT_OBJC_ISA_USAGE = YES_ERROR;
				CLANG_WARN_DOCUMENTATION_COMMENTS = YES;
				CLANG_WARN_EMPTY_BODY = YES;
				CLANG_WARN_ENUM_CONVERSION = YES;
				CLANG_WARN_INFINITE_RECURSION = YES;
				CLANG_WARN_INT_CONVERSION = YES;
				CLANG_WARN_OBJC_ROOT_CLASS = YES_ERROR;
				CLANG_WARN_SUSPICIOUS_MOVE = YES;
				CLANG_WARN_UNREACHABLE_CODE = YES;
				CLANG_WARN__DUPLICATE_METHOD_MATCH = YES;
				"CODE_SIGN_IDENTITY[sdk=iphoneos*]" = "iPhone Developer";
				COPY_PHASE_STRIP = NO;
				DEBUG_INFORMATION_FORMAT = "dwarf-with-dsym";
				ENABLE_NS_ASSERTIONS = NO;
				ENABLE_STRICT_OBJC_MSGSEND = YES;
				GCC_C_LANGUAGE_STANDARD = gnu99;
				GCC_NO_COMMON_BLOCKS = YES;
				GCC_PRECOMPILE_PREFIX_HEADER = YES;
				GCC_PREFIX_HEADER = /Users/qitmac000085/Desktop/DriverEpoch/DriverEpoch/PrefixHeader.pch;
				GCC_WARN_64_TO_32_BIT_CONVERSION = YES;
				GCC_WARN_ABOUT_RETURN_TYPE = YES_ERROR;
				GCC_WARN_UNDECLARED_SELECTOR = YES;
				GCC_WARN_UNINITIALIZED_AUTOS = YES_AGGRESSIVE;
				GCC_WARN_UNUSED_FUNCTION = YES;
				GCC_WARN_UNUSED_VARIABLE = YES;
				IPHONEOS_DEPLOYMENT_TARGET = 10.2;
				MTL_ENABLE_DEBUG_INFO = NO;
				SDKROOT = iphoneos;
				TARGETED_DEVICE_FAMILY = "1,2";
				VALIDATE_PRODUCT = YES;
			};
			name = Release;
		};
		4E10ABE51E71339F00BCF21B /* Debug */ = {
			isa = XCBuildConfiguration;
			buildSettings = {
				ASSETCATALOG_COMPILER_APPICON_NAME = AppIcon;
				DEVELOPMENT_TEAM = V2GC55R3DL;
				INFOPLIST_FILE = DriverEpoch/Info.plist;
				LD_RUNPATH_SEARCH_PATHS = "$(inherited) @executable_path/Frameworks";
				PRODUCT_BUNDLE_IDENTIFIER = "http---halohily.com.DriverEpoch";
				PRODUCT_NAME = "$(TARGET_NAME)";
			};
			name = Debug;
		};
		4E10ABE61E71339F00BCF21B /* Release */ = {
			isa = XCBuildConfiguration;
			buildSettings = {
				ASSETCATALOG_COMPILER_APPICON_NAME = AppIcon;
				DEVELOPMENT_TEAM = V2GC55R3DL;
				INFOPLIST_FILE = DriverEpoch/Info.plist;
				LD_RUNPATH_SEARCH_PATHS = "$(inherited) @executable_path/Frameworks";
				PRODUCT_BUNDLE_IDENTIFIER = "http---halohily.com.DriverEpoch";
				PRODUCT_NAME = "$(TARGET_NAME)";
			};
			name = Release;
		};
		4E10ABE81E71339F00BCF21B /* Debug */ = {
			isa = XCBuildConfiguration;
			buildSettings = {
				BUNDLE_LOADER = "$(TEST_HOST)";
				DEVELOPMENT_TEAM = V2GC55R3DL;
				INFOPLIST_FILE = DriverEpochTests/Info.plist;
				LD_RUNPATH_SEARCH_PATHS = "$(inherited) @executable_path/Frameworks @loader_path/Frameworks";
				PRODUCT_BUNDLE_IDENTIFIER = "http---halohily.com.DriverEpochTests";
				PRODUCT_NAME = "$(TARGET_NAME)";
				TEST_HOST = "$(BUILT_PRODUCTS_DIR)/DriverEpoch.app/DriverEpoch";
			};
			name = Debug;
		};
		4E10ABE91E71339F00BCF21B /* Release */ = {
			isa = XCBuildConfiguration;
			buildSettings = {
				BUNDLE_LOADER = "$(TEST_HOST)";
				DEVELOPMENT_TEAM = V2GC55R3DL;
				INFOPLIST_FILE = DriverEpochTests/Info.plist;
				LD_RUNPATH_SEARCH_PATHS = "$(inherited) @executable_path/Frameworks @loader_path/Frameworks";
				PRODUCT_BUNDLE_IDENTIFIER = "http---halohily.com.DriverEpochTests";
				PRODUCT_NAME = "$(TARGET_NAME)";
				TEST_HOST = "$(BUILT_PRODUCTS_DIR)/DriverEpoch.app/DriverEpoch";
			};
			name = Release;
		};
		4E10ABEB1E71339F00BCF21B /* Debug */ = {
			isa = XCBuildConfiguration;
			buildSettings = {
				DEVELOPMENT_TEAM = V2GC55R3DL;
				INFOPLIST_FILE = DriverEpochUITests/Info.plist;
				LD_RUNPATH_SEARCH_PATHS = "$(inherited) @executable_path/Frameworks @loader_path/Frameworks";
				PRODUCT_BUNDLE_IDENTIFIER = "http---halohily.com.DriverEpochUITests";
				PRODUCT_NAME = "$(TARGET_NAME)";
				TEST_TARGET_NAME = DriverEpoch;
			};
			name = Debug;
		};
		4E10ABEC1E71339F00BCF21B /* Release */ = {
			isa = XCBuildConfiguration;
			buildSettings = {
				DEVELOPMENT_TEAM = V2GC55R3DL;
				INFOPLIST_FILE = DriverEpochUITests/Info.plist;
				LD_RUNPATH_SEARCH_PATHS = "$(inherited) @executable_path/Frameworks @loader_path/Frameworks";
				PRODUCT_BUNDLE_IDENTIFIER = "http---halohily.com.DriverEpochUITests";
				PRODUCT_NAME = "$(TARGET_NAME)";
				TEST_TARGET_NAME = DriverEpoch;
			};
			name = Release;
		};
/* End XCBuildConfiguration section */

/* Begin XCConfigurationList section */
		4E10ABB21E71339F00BCF21B /* Build configuration list for PBXProject "DriverEpoch" */ = {
			isa = XCConfigurationList;
			buildConfigurations = (
				4E10ABE21E71339F00BCF21B /* Debug */,
				4E10ABE31E71339F00BCF21B /* Release */,
			);
			defaultConfigurationIsVisible = 0;
			defaultConfigurationName = Release;
		};
		4E10ABE41E71339F00BCF21B /* Build configuration list for PBXNativeTarget "DriverEpoch" */ = {
			isa = XCConfigurationList;
			buildConfigurations = (
				4E10ABE51E71339F00BCF21B /* Debug */,
				4E10ABE61E71339F00BCF21B /* Release */,
			);
			defaultConfigurationIsVisible = 0;
		};
		4E10ABE71E71339F00BCF21B /* Build configuration list for PBXNativeTarget "DriverEpochTests" */ = {
			isa = XCConfigurationList;
			buildConfigurations = (
				4E10ABE81E71339F00BCF21B /* Debug */,
				4E10ABE91E71339F00BCF21B /* Release */,
			);
			defaultConfigurationIsVisible = 0;
		};
		4E10ABEA1E71339F00BCF21B /* Build configuration list for PBXNativeTarget "DriverEpochUITests" */ = {
			isa = XCConfigurationList;
			buildConfigurations = (
				4E10ABEB1E71339F00BCF21B /* Debug */,
				4E10ABEC1E71339F00BCF21B /* Release */,
			);
			defaultConfigurationIsVisible = 0;
		};
/* End XCConfigurationList section */
	};
	rootObject = 4E10ABAF1E71339F00BCF21B /* Project object */;
}
